
Microsoft Visual Studio Solution File, Format Version 12.00
# Visual Studio Version 17
VisualStudioVersion = 17.5.33414.496
MinimumVisualStudioVersion = 10.0.40219.1
Project("{9A19103F-16F7-4668-BE54-9A1E7A4F7556}") = "DeferredExecution", "DeferredExecution\DeferredExecution.csproj", "{78C581E9-B46C-4169-9500-DE3FFA6E85D0}"
EndProject
Project("{9A19103F-16F7-4668-BE54-9A1E7A4F7556}") = "Any", "Any\Any.csproj", "{E8B6BFB1-4A11-40E2-A5EE-E0F3D983C21A}"
EndProject
Project("{9A19103F-16F7-4668-BE54-9A1E7A4F7556}") = "All", "All\All.csproj", "{8C7C4AD9-CD99-4507-B1F7-5990C46EA22C}"
EndProject
Project("{9A19103F-16F7-4668-BE54-9A1E7A4F7556}") = "Count", "Count\Count.csproj", "{EDF74923-68EA-4CF0-9275-ACCCAFBB0671}"
EndProject
Project("{9A19103F-16F7-4668-BE54-9A1E7A4F7556}") = "Contains", "Contains\Contains.csproj", "{6972CA68-3D73-4A08-BD04-C642103EB70F}"
EndProject
Project("{9A19103F-16F7-4668-BE54-9A1E7A4F7556}") = "OrderBy", "OrderBy\OrderBy.csproj", "{03281E02-2CC9-4C6D-8CE8-AED644F57DF6}"
EndProject
Project("{FAE04EC0-301F-11D3-BF4B-00C04F79EFBC}") = "MinMax", "MinMax\MinMax.csproj", "{C9753AF4-333E-4534-9E5E-CA661E54FB38}"
EndProject
Project("{FAE04EC0-301F-11D3-BF4B-00C04F79EFBC}") = "Average", "Average\Average.csproj", "{F41F8040-D5DA-4350-94CD-CA217BC2DA8C}"
EndProject
Project("{FAE04EC0-301F-11D3-BF4B-00C04F79EFBC}") = "Sum", "Sum\Sum.csproj", "{D7AE4DC6-964B-402B-B231-6C9C7A9F05F6}"
EndProject
Project("{FAE04EC0-301F-11D3-BF4B-00C04F79EFBC}") = "ElementAt", "ElementAt\ElementAt.csproj", "{A5E13DB0-6643-4650-8F68-2B1DD5B23D77}"
EndProject
Project("{FAE04EC0-301F-11D3-BF4B-00C04F79EFBC}") = "FirstLast", "FirstLast\FirstLast.csproj", "{9DAF676D-7D4E-48BE-AA77-B2B60B7E9B80}"
EndProject
Project("{FAE04EC0-301F-11D3-BF4B-00C04F79EFBC}") = "Single", "Single\Single.csproj", "{A0853475-6C2C-4808-87C3-25754ED7702D}"
EndProject
Project("{FAE04EC0-301F-11D3-BF4B-00C04F79EFBC}") = "Where", "Where\Where.csproj", "{ED1C8C82-837F-4F51-8787-71678EA65CE6}"
EndProject
Project("{FAE04EC0-301F-11D3-BF4B-00C04F79EFBC}") = "Take", "Take\Take.csproj", "{E3C54341-39A3-425C-BA77-4A170AC679F4}"
EndProject
Project("{FAE04EC0-301F-11D3-BF4B-00C04F79EFBC}") = "Skip", "Skip\Skip.csproj", "{A9E93FD0-912D-4C25-857D-83E0FEAD55D3}"
EndProject
Project("{FAE04EC0-301F-11D3-BF4B-00C04F79EFBC}") = "OfType", "OfType\OfType.csproj", "{94F4F618-F10E-4475-9CBF-5A33681B2DCC}"
EndProject
Project("{FAE04EC0-301F-11D3-BF4B-00C04F79EFBC}") = "Distinct", "Distinct\Distinct.csproj", "{67FFE1AE-42B7-4FD2-939C-610C08799A69}"
EndProject
Project("{FAE04EC0-301F-11D3-BF4B-00C04F79EFBC}") = "AppendPrepend", "AppendPrepend\AppendPrepend.csproj", "{08F11259-1DD2-47D0-90D9-F73659F16F48}"
EndProject
Project("{FAE04EC0-301F-11D3-BF4B-00C04F79EFBC}") = "ConcatUnion", "ConcatUnion\ConcatUnion.csproj", "{0CFE3BAD-B44F-4FB2-A971-0A34A1833EF9}"
EndProject
Project("{FAE04EC0-301F-11D3-BF4B-00C04F79EFBC}") = "Cast", "Cast\Cast.csproj", "{227ECF60-9F6F-4FDB-B737-A192C39F6AE1}"
EndProject
Project("{FAE04EC0-301F-11D3-BF4B-00C04F79EFBC}") = "Select", "Select\Select.csproj", "{BC6A9401-D8A5-4780-BE17-7FAE2A3AEEB0}"
EndProject
Project("{FAE04EC0-301F-11D3-BF4B-00C04F79EFBC}") = "SelectMany", "SelectMany\SelectMany.csproj", "{8BBC5C09-E95F-4CC9-B750-51918E46F42D}"
EndProject
Project("{FAE04EC0-301F-11D3-BF4B-00C04F79EFBC}") = "Enumerable", "Enumerable\Enumerable.csproj", "{FB315A13-729E-4E9C-BA7F-1730619A401C}"
EndProject
Project("{FAE04EC0-301F-11D3-BF4B-00C04F79EFBC}") = "OrderByQuerySintax", "OrderByQuerySintax\OrderByQuerySintax.csproj", "{BCF20B72-9743-4037-A270-D7D4BBE2D619}"
EndProject
Project("{FAE04EC0-301F-11D3-BF4B-00C04F79EFBC}") = "GroupByQuerySintax", "GroupByQuerySintax\GroupByQuerySintax.csproj", "{F5389DD0-8F3B-4881-8848-0B357EAD98D9}"
EndProject
Project("{FAE04EC0-301F-11D3-BF4B-00C04F79EFBC}") = "WhereQuerySintax", "WhereQuerySintax\WhereQuerySintax.csproj", "{C5246917-1E79-41C9-A0ED-87CAB9AC8D63}"
EndProject
Project("{FAE04EC0-301F-11D3-BF4B-00C04F79EFBC}") = "SelectQuerySintax", "SelectQuerySintax\SelectQuerySintax.csproj", "{C0F288EB-3EAE-473C-84C2-B2E0C5F489F0}"
EndProject
Project("{FAE04EC0-301F-11D3-BF4B-00C04F79EFBC}") = "SelectManyQuerySintax", "SelectManyQuerySintax\SelectManyQuerySintax.csproj", "{3F7B1339-D2F6-4C8E-946C-AC5D14CAE58B}"
EndProject
Project("{FAE04EC0-301F-11D3-BF4B-00C04F79EFBC}") = "JoinQuerySintax", "JoinQuerySintax\JoinQuerySintax.csproj", "{3993BC24-EA2B-42AB-A73B-1FE89DE62D24}"
EndProject
Global
	GlobalSection(SolutionConfigurationPlatforms) = preSolution
		Debug|Any CPU = Debug|Any CPU
		Release|Any CPU = Release|Any CPU
	EndGlobalSection
	GlobalSection(ProjectConfigurationPlatforms) = postSolution
		{78C581E9-B46C-4169-9500-DE3FFA6E85D0}.Debug|Any CPU.ActiveCfg = Debug|Any CPU
		{78C581E9-B46C-4169-9500-DE3FFA6E85D0}.Debug|Any CPU.Build.0 = Debug|Any CPU
		{78C581E9-B46C-4169-9500-DE3FFA6E85D0}.Release|Any CPU.ActiveCfg = Release|Any CPU
		{78C581E9-B46C-4169-9500-DE3FFA6E85D0}.Release|Any CPU.Build.0 = Release|Any CPU
		{E8B6BFB1-4A11-40E2-A5EE-E0F3D983C21A}.Debug|Any CPU.ActiveCfg = Debug|Any CPU
		{E8B6BFB1-4A11-40E2-A5EE-E0F3D983C21A}.Debug|Any CPU.Build.0 = Debug|Any CPU
		{E8B6BFB1-4A11-40E2-A5EE-E0F3D983C21A}.Release|Any CPU.ActiveCfg = Release|Any CPU
		{E8B6BFB1-4A11-40E2-A5EE-E0F3D983C21A}.Release|Any CPU.Build.0 = Release|Any CPU
		{8C7C4AD9-CD99-4507-B1F7-5990C46EA22C}.Debug|Any CPU.ActiveCfg = Debug|Any CPU
		{8C7C4AD9-CD99-4507-B1F7-5990C46EA22C}.Debug|Any CPU.Build.0 = Debug|Any CPU
		{8C7C4AD9-CD99-4507-B1F7-5990C46EA22C}.Release|Any CPU.ActiveCfg = Release|Any CPU
		{8C7C4AD9-CD99-4507-B1F7-5990C46EA22C}.Release|Any CPU.Build.0 = Release|Any CPU
		{EDF74923-68EA-4CF0-9275-ACCCAFBB0671}.Debug|Any CPU.ActiveCfg = Debug|Any CPU
		{EDF74923-68EA-4CF0-9275-ACCCAFBB0671}.Debug|Any CPU.Build.0 = Debug|Any CPU
		{EDF74923-68EA-4CF0-9275-ACCCAFBB0671}.Release|Any CPU.ActiveCfg = Release|Any CPU
		{EDF74923-68EA-4CF0-9275-ACCCAFBB0671}.Release|Any CPU.Build.0 = Release|Any CPU
		{6972CA68-3D73-4A08-BD04-C642103EB70F}.Debug|Any CPU.ActiveCfg = Debug|Any CPU
		{6972CA68-3D73-4A08-BD04-C642103EB70F}.Debug|Any CPU.Build.0 = Debug|Any CPU
		{6972CA68-3D73-4A08-BD04-C642103EB70F}.Release|Any CPU.ActiveCfg = Release|Any CPU
		{6972CA68-3D73-4A08-BD04-C642103EB70F}.Release|Any CPU.Build.0 = Release|Any CPU
		{03281E02-2CC9-4C6D-8CE8-AED644F57DF6}.Debug|Any CPU.ActiveCfg = Debug|Any CPU
		{03281E02-2CC9-4C6D-8CE8-AED644F57DF6}.Debug|Any CPU.Build.0 = Debug|Any CPU
		{03281E02-2CC9-4C6D-8CE8-AED644F57DF6}.Release|Any CPU.ActiveCfg = Release|Any CPU
		{03281E02-2CC9-4C6D-8CE8-AED644F57DF6}.Release|Any CPU.Build.0 = Release|Any CPU
		{C9753AF4-333E-4534-9E5E-CA661E54FB38}.Debug|Any CPU.ActiveCfg = Debug|Any CPU
		{C9753AF4-333E-4534-9E5E-CA661E54FB38}.Debug|Any CPU.Build.0 = Debug|Any CPU
		{C9753AF4-333E-4534-9E5E-CA661E54FB38}.Release|Any CPU.ActiveCfg = Release|Any CPU
		{C9753AF4-333E-4534-9E5E-CA661E54FB38}.Release|Any CPU.Build.0 = Release|Any CPU
		{F41F8040-D5DA-4350-94CD-CA217BC2DA8C}.Debug|Any CPU.ActiveCfg = Debug|Any CPU
		{F41F8040-D5DA-4350-94CD-CA217BC2DA8C}.Debug|Any CPU.Build.0 = Debug|Any CPU
		{F41F8040-D5DA-4350-94CD-CA217BC2DA8C}.Release|Any CPU.ActiveCfg = Release|Any CPU
		{F41F8040-D5DA-4350-94CD-CA217BC2DA8C}.Release|Any CPU.Build.0 = Release|Any CPU
		{D7AE4DC6-964B-402B-B231-6C9C7A9F05F6}.Debug|Any CPU.ActiveCfg = Debug|Any CPU
		{D7AE4DC6-964B-402B-B231-6C9C7A9F05F6}.Debug|Any CPU.Build.0 = Debug|Any CPU
		{D7AE4DC6-964B-402B-B231-6C9C7A9F05F6}.Release|Any CPU.ActiveCfg = Release|Any CPU
		{D7AE4DC6-964B-402B-B231-6C9C7A9F05F6}.Release|Any CPU.Build.0 = Release|Any CPU
		{A5E13DB0-6643-4650-8F68-2B1DD5B23D77}.Debug|Any CPU.ActiveCfg = Debug|Any CPU
		{A5E13DB0-6643-4650-8F68-2B1DD5B23D77}.Debug|Any CPU.Build.0 = Debug|Any CPU
		{A5E13DB0-6643-4650-8F68-2B1DD5B23D77}.Release|Any CPU.ActiveCfg = Release|Any CPU
		{A5E13DB0-6643-4650-8F68-2B1DD5B23D77}.Release|Any CPU.Build.0 = Release|Any CPU
		{9DAF676D-7D4E-48BE-AA77-B2B60B7E9B80}.Debug|Any CPU.ActiveCfg = Debug|Any CPU
		{9DAF676D-7D4E-48BE-AA77-B2B60B7E9B80}.Debug|Any CPU.Build.0 = Debug|Any CPU
		{9DAF676D-7D4E-48BE-AA77-B2B60B7E9B80}.Release|Any CPU.ActiveCfg = Release|Any CPU
		{9DAF676D-7D4E-48BE-AA77-B2B60B7E9B80}.Release|Any CPU.Build.0 = Release|Any CPU
		{A0853475-6C2C-4808-87C3-25754ED7702D}.Debug|Any CPU.ActiveCfg = Debug|Any CPU
		{A0853475-6C2C-4808-87C3-25754ED7702D}.Debug|Any CPU.Build.0 = Debug|Any CPU
		{A0853475-6C2C-4808-87C3-25754ED7702D}.Release|Any CPU.ActiveCfg = Release|Any CPU
		{A0853475-6C2C-4808-87C3-25754ED7702D}.Release|Any CPU.Build.0 = Release|Any CPU
		{ED1C8C82-837F-4F51-8787-71678EA65CE6}.Debug|Any CPU.ActiveCfg = Debug|Any CPU
		{ED1C8C82-837F-4F51-8787-71678EA65CE6}.Debug|Any CPU.Build.0 = Debug|Any CPU
		{ED1C8C82-837F-4F51-8787-71678EA65CE6}.Release|Any CPU.ActiveCfg = Release|Any CPU
		{ED1C8C82-837F-4F51-8787-71678EA65CE6}.Release|Any CPU.Build.0 = Release|Any CPU
		{E3C54341-39A3-425C-BA77-4A170AC679F4}.Debug|Any CPU.ActiveCfg = Debug|Any CPU
		{E3C54341-39A3-425C-BA77-4A170AC679F4}.Debug|Any CPU.Build.0 = Debug|Any CPU
		{E3C54341-39A3-425C-BA77-4A170AC679F4}.Release|Any CPU.ActiveCfg = Release|Any CPU
		{E3C54341-39A3-425C-BA77-4A170AC679F4}.Release|Any CPU.Build.0 = Release|Any CPU
		{A9E93FD0-912D-4C25-857D-83E0FEAD55D3}.Debug|Any CPU.ActiveCfg = Debug|Any CPU
		{A9E93FD0-912D-4C25-857D-83E0FEAD55D3}.Debug|Any CPU.Build.0 = Debug|Any CPU
		{A9E93FD0-912D-4C25-857D-83E0FEAD55D3}.Release|Any CPU.ActiveCfg = Release|Any CPU
		{A9E93FD0-912D-4C25-857D-83E0FEAD55D3}.Release|Any CPU.Build.0 = Release|Any CPU
		{94F4F618-F10E-4475-9CBF-5A33681B2DCC}.Debug|Any CPU.ActiveCfg = Debug|Any CPU
		{94F4F618-F10E-4475-9CBF-5A33681B2DCC}.Debug|Any CPU.Build.0 = Debug|Any CPU
		{94F4F618-F10E-4475-9CBF-5A33681B2DCC}.Release|Any CPU.ActiveCfg = Release|Any CPU
		{94F4F618-F10E-4475-9CBF-5A33681B2DCC}.Release|Any CPU.Build.0 = Release|Any CPU
		{67FFE1AE-42B7-4FD2-939C-610C08799A69}.Debug|Any CPU.ActiveCfg = Debug|Any CPU
		{67FFE1AE-42B7-4FD2-939C-610C08799A69}.Debug|Any CPU.Build.0 = Debug|Any CPU
		{67FFE1AE-42B7-4FD2-939C-610C08799A69}.Release|Any CPU.ActiveCfg = Release|Any CPU
		{67FFE1AE-42B7-4FD2-939C-610C08799A69}.Release|Any CPU.Build.0 = Release|Any CPU
		{08F11259-1DD2-47D0-90D9-F73659F16F48}.Debug|Any CPU.ActiveCfg = Debug|Any CPU
		{08F11259-1DD2-47D0-90D9-F73659F16F48}.Debug|Any CPU.Build.0 = Debug|Any CPU
		{08F11259-1DD2-47D0-90D9-F73659F16F48}.Release|Any CPU.ActiveCfg = Release|Any CPU
		{08F11259-1DD2-47D0-90D9-F73659F16F48}.Release|Any CPU.Build.0 = Release|Any CPU
		{0CFE3BAD-B44F-4FB2-A971-0A34A1833EF9}.Debug|Any CPU.ActiveCfg = Debug|Any CPU
		{0CFE3BAD-B44F-4FB2-A971-0A34A1833EF9}.Debug|Any CPU.Build.0 = Debug|Any CPU
		{0CFE3BAD-B44F-4FB2-A971-0A34A1833EF9}.Release|Any CPU.ActiveCfg = Release|Any CPU
		{0CFE3BAD-B44F-4FB2-A971-0A34A1833EF9}.Release|Any CPU.Build.0 = Release|Any CPU
		{227ECF60-9F6F-4FDB-B737-A192C39F6AE1}.Debug|Any CPU.ActiveCfg = Debug|Any CPU
		{227ECF60-9F6F-4FDB-B737-A192C39F6AE1}.Debug|Any CPU.Build.0 = Debug|Any CPU
		{227ECF60-9F6F-4FDB-B737-A192C39F6AE1}.Release|Any CPU.ActiveCfg = Release|Any CPU
		{227ECF60-9F6F-4FDB-B737-A192C39F6AE1}.Release|Any CPU.Build.0 = Release|Any CPU
		{BC6A9401-D8A5-4780-BE17-7FAE2A3AEEB0}.Debug|Any CPU.ActiveCfg = Debug|Any CPU
		{BC6A9401-D8A5-4780-BE17-7FAE2A3AEEB0}.Debug|Any CPU.Build.0 = Debug|Any CPU
		{BC6A9401-D8A5-4780-BE17-7FAE2A3AEEB0}.Release|Any CPU.ActiveCfg = Release|Any CPU
		{BC6A9401-D8A5-4780-BE17-7FAE2A3AEEB0}.Release|Any CPU.Build.0 = Release|Any CPU
		{8BBC5C09-E95F-4CC9-B750-51918E46F42D}.Debug|Any CPU.ActiveCfg = Debug|Any CPU
		{8BBC5C09-E95F-4CC9-B750-51918E46F42D}.Debug|Any CPU.Build.0 = Debug|Any CPU
		{8BBC5C09-E95F-4CC9-B750-51918E46F42D}.Release|Any CPU.ActiveCfg = Release|Any CPU
		{8BBC5C09-E95F-4CC9-B750-51918E46F42D}.Release|Any CPU.Build.0 = Release|Any CPU
		{FB315A13-729E-4E9C-BA7F-1730619A401C}.Debug|Any CPU.ActiveCfg = Debug|Any CPU
		{FB315A13-729E-4E9C-BA7F-1730619A401C}.Debug|Any CPU.Build.0 = Debug|Any CPU
		{FB315A13-729E-4E9C-BA7F-1730619A401C}.Release|Any CPU.ActiveCfg = Release|Any CPU
		{FB315A13-729E-4E9C-BA7F-1730619A401C}.Release|Any CPU.Build.0 = Release|Any CPU
		{BCF20B72-9743-4037-A270-D7D4BBE2D619}.Debug|Any CPU.ActiveCfg = Debug|Any CPU
		{BCF20B72-9743-4037-A270-D7D4BBE2D619}.Debug|Any CPU.Build.0 = Debug|Any CPU
		{BCF20B72-9743-4037-A270-D7D4BBE2D619}.Release|Any CPU.ActiveCfg = Release|Any CPU
		{BCF20B72-9743-4037-A270-D7D4BBE2D619}.Release|Any CPU.Build.0 = Release|Any CPU
		{F5389DD0-8F3B-4881-8848-0B357EAD98D9}.Debug|Any CPU.ActiveCfg = Debug|Any CPU
		{F5389DD0-8F3B-4881-8848-0B357EAD98D9}.Debug|Any CPU.Build.0 = Debug|Any CPU
		{F5389DD0-8F3B-4881-8848-0B357EAD98D9}.Release|Any CPU.ActiveCfg = Release|Any CPU
		{F5389DD0-8F3B-4881-8848-0B357EAD98D9}.Release|Any CPU.Build.0 = Release|Any CPU
		{C5246917-1E79-41C9-A0ED-87CAB9AC8D63}.Debug|Any CPU.ActiveCfg = Debug|Any CPU
		{C5246917-1E79-41C9-A0ED-87CAB9AC8D63}.Debug|Any CPU.Build.0 = Debug|Any CPU
		{C5246917-1E79-41C9-A0ED-87CAB9AC8D63}.Release|Any CPU.ActiveCfg = Release|Any CPU
		{C5246917-1E79-41C9-A0ED-87CAB9AC8D63}.Release|Any CPU.Build.0 = Release|Any CPU
		{C0F288EB-3EAE-473C-84C2-B2E0C5F489F0}.Debug|Any CPU.ActiveCfg = Debug|Any CPU
		{C0F288EB-3EAE-473C-84C2-B2E0C5F489F0}.Debug|Any CPU.Build.0 = Debug|Any CPU
		{C0F288EB-3EAE-473C-84C2-B2E0C5F489F0}.Release|Any CPU.ActiveCfg = Release|Any CPU
		{C0F288EB-3EAE-473C-84C2-B2E0C5F489F0}.Release|Any CPU.Build.0 = Release|Any CPU
		{3F7B1339-D2F6-4C8E-946C-AC5D14CAE58B}.Debug|Any CPU.ActiveCfg = Debug|Any CPU
		{3F7B1339-D2F6-4C8E-946C-AC5D14CAE58B}.Debug|Any CPU.Build.0 = Debug|Any CPU
		{3F7B1339-D2F6-4C8E-946C-AC5D14CAE58B}.Release|Any CPU.ActiveCfg = Release|Any CPU
		{3F7B1339-D2F6-4C8E-946C-AC5D14CAE58B}.Release|Any CPU.Build.0 = Release|Any CPU
		{3993BC24-EA2B-42AB-A73B-1FE89DE62D24}.Debug|Any CPU.ActiveCfg = Debug|Any CPU
		{3993BC24-EA2B-42AB-A73B-1FE89DE62D24}.Debug|Any CPU.Build.0 = Debug|Any CPU
		{3993BC24-EA2B-42AB-A73B-1FE89DE62D24}.Release|Any CPU.ActiveCfg = Release|Any CPU
		{3993BC24-EA2B-42AB-A73B-1FE89DE62D24}.Release|Any CPU.Build.0 = Release|Any CPU
	EndGlobalSection
	GlobalSection(SolutionProperties) = preSolution
		HideSolutionNode = FALSE
	EndGlobalSection
	GlobalSection(ExtensibilityGlobals) = postSolution
		SolutionGuid = {8F215370-FEA6-4AD5-9B5D-9D42CAC92832}
	EndGlobalSection
EndGlobal
